
Microsoft Visual Studio Solution File, Format Version 12.00
# Visual Studio 15
VisualStudioVersion = 15.0.26730.3
MinimumVisualStudioVersion = 10.0.40219.1
Project("{FAE04EC0-301F-11D3-BF4B-00C04F79EFBC}") = "TestingGit", "TestingGit\TestingGit.csproj", "{6443F601-A248-45F9-81AC-04D6195F1BF5}"
EndProject
Global
	GlobalSection(SolutionConfigurationPlatforms) = preSolution
		Debug|Any CPU = Debug|Any CPU
		Release|Any CPU = Release|Any CPU
	EndGlobalSection
	GlobalSection(ProjectConfigurationPlatforms) = postSolution
		{6443F601-A248-45F9-81AC-04D6195F1BF5}.Debug|Any CPU.ActiveCfg = Debug|Any CPU
		{6443F601-A248-45F9-81AC-04D6195F1BF5}.Debug|Any CPU.Build.0 = Debug|Any CPU
		{6443F601-A248-45F9-81AC-04D6195F1BF5}.Release|Any CPU.ActiveCfg = Release|Any CPU
		{6443F601-A248-45F9-81AC-04D6195F1BF5}.Release|Any CPU.Build.0 = Release|Any CPU
	EndGlobalSection
	GlobalSection(SolutionProperties) = preSolution
		HideSolutionNode = FALSE
	EndGlobalSection
	GlobalSection(ExtensibilityGlobals) = postSolution
		SolutionGuid = {E78F68F5-ACB9-4E61-A4D9-25B257ECBFEA}
	EndGlobalSection
EndGlobal
